
Microsoft Visual Studio Solution File, Format Version 12.00
# Visual Studio Version 17
VisualStudioVersion = 17.4.33103.184
MinimumVisualStudioVersion = 10.0.40219.1
Project("{FAE04EC0-301F-11D3-BF4B-00C04F79EFBC}") = "WebApplication", "WebApplication\WebApplication.csproj", "{11A15EA7-CD88-418D-BEFB-D5C873ADCED9}"
EndProject
Global
	GlobalSection(SolutionConfigurationPlatforms) = preSolution
		Debug|Any CPU = Debug|Any CPU
		Release|Any CPU = Release|Any CPU
	EndGlobalSection
	GlobalSection(ProjectConfigurationPlatforms) = postSolution
		{11A15EA7-CD88-418D-BEFB-D5C873ADCED9}.Debug|Any CPU.ActiveCfg = Debug|Any CPU
		{11A15EA7-CD88-418D-BEFB-D5C873ADCED9}.Debug|Any CPU.Build.0 = Debug|Any CPU
		{11A15EA7-CD88-418D-BEFB-D5C873ADCED9}.Release|Any CPU.ActiveCfg = Release|Any CPU
		{11A15EA7-CD88-418D-BEFB-D5C873ADCED9}.Release|Any CPU.Build.0 = Release|Any CPU
	EndGlobalSection
	GlobalSection(SolutionProperties) = preSolution
		HideSolutionNode = FALSE
	EndGlobalSection
	GlobalSection(ExtensibilityGlobals) = postSolution
		SolutionGuid = {386F8B0F-2FD8-416B-BF29-46D997858529}
	EndGlobalSection
EndGlobal
